
Microsoft Visual Studio Solution File, Format Version 12.00
# Visual Studio Version 16
VisualStudioVersion = 16.0.29613.14
MinimumVisualStudioVersion = 10.0.40219.1
Project("{9A19103F-16F7-4668-BE54-9A1E7A4F7556}") = "MSpecDemo", "src\MSpecDemo.csproj", "{8615C23E-D69C-428A-98B5-EA7E909ADDD6}"
EndProject
Project("{2150E333-8FDC-42A3-9474-1A3956D46DE8}") = "Solution Items", "Solution Items", "{759DED44-EF51-465F-85C5-2A96178A4061}"
	ProjectSection(SolutionItems) = preProject
		.gitignore = .gitignore
		GettingStarted.md = GettingStarted.md
		LICENSE = LICENSE
		StyleTips.md = StyleTips.md
	EndProjectSection
EndProject
Global
	GlobalSection(SolutionConfigurationPlatforms) = preSolution
		Debug|Any CPU = Debug|Any CPU
		Release|Any CPU = Release|Any CPU
	EndGlobalSection
	GlobalSection(ProjectConfigurationPlatforms) = postSolution
		{8615C23E-D69C-428A-98B5-EA7E909ADDD6}.Debug|Any CPU.ActiveCfg = Debug|Any CPU
		{8615C23E-D69C-428A-98B5-EA7E909ADDD6}.Debug|Any CPU.Build.0 = Debug|Any CPU
		{8615C23E-D69C-428A-98B5-EA7E909ADDD6}.Release|Any CPU.ActiveCfg = Release|Any CPU
		{8615C23E-D69C-428A-98B5-EA7E909ADDD6}.Release|Any CPU.Build.0 = Release|Any CPU
	EndGlobalSection
	GlobalSection(SolutionProperties) = preSolution
		HideSolutionNode = FALSE
	EndGlobalSection
	GlobalSection(ExtensibilityGlobals) = postSolution
		SolutionGuid = {95388D74-D0E4-4BD8-950D-40B0D9D8E8C2}
	EndGlobalSection
EndGlobal
